
Microsoft Visual Studio Solution File, Format Version 12.00
# Visual Studio 15
VisualStudioVersion = 15.0.27004.2006
MinimumVisualStudioVersion = 10.0.40219.1
Project("{F184B08F-C81C-45F6-A57F-5ABD9991F28F}") = "AEPS2", "AEPS2\AEPS2.vbproj", "{B8A0014F-A161-4B29-8374-078CC384330A}"
EndProject
Global
	GlobalSection(SolutionConfigurationPlatforms) = preSolution
		Debug|Any CPU = Debug|Any CPU
		Release|Any CPU = Release|Any CPU
	EndGlobalSection
	GlobalSection(ProjectConfigurationPlatforms) = postSolution
		{B8A0014F-A161-4B29-8374-078CC384330A}.Debug|Any CPU.ActiveCfg = Debug|Any CPU
		{B8A0014F-A161-4B29-8374-078CC384330A}.Debug|Any CPU.Build.0 = Debug|Any CPU
		{B8A0014F-A161-4B29-8374-078CC384330A}.Release|Any CPU.ActiveCfg = Release|Any CPU
		{B8A0014F-A161-4B29-8374-078CC384330A}.Release|Any CPU.Build.0 = Release|Any CPU
	EndGlobalSection
	GlobalSection(SolutionProperties) = preSolution
		HideSolutionNode = FALSE
	EndGlobalSection
	GlobalSection(ExtensibilityGlobals) = postSolution
		SolutionGuid = {8296C326-0A96-4D0E-B330-DF438EA88893}
	EndGlobalSection
EndGlobal
